
Microsoft Visual Studio Solution File, Format Version 12.00
# Visual Studio Version 17
VisualStudioVersion = 17.14.36616.10 d17.14
MinimumVisualStudioVersion = 10.0.40219.1
Project("{FAE04EC0-301F-11D3-BF4B-00C04F79EFBC}") = "MathOperationApp", "MathOperationApp\MathOperationApp.csproj", "{0104CE5B-F5B5-40E5-8FFB-432CE1DE0177}"
EndProject
Global
	GlobalSection(SolutionConfigurationPlatforms) = preSolution
		Debug|Any CPU = Debug|Any CPU
		Release|Any CPU = Release|Any CPU
	EndGlobalSection
	GlobalSection(ProjectConfigurationPlatforms) = postSolution
		{0104CE5B-F5B5-40E5-8FFB-432CE1DE0177}.Debug|Any CPU.ActiveCfg = Debug|Any CPU
		{0104CE5B-F5B5-40E5-8FFB-432CE1DE0177}.Debug|Any CPU.Build.0 = Debug|Any CPU
		{0104CE5B-F5B5-40E5-8FFB-432CE1DE0177}.Release|Any CPU.ActiveCfg = Release|Any CPU
		{0104CE5B-F5B5-40E5-8FFB-432CE1DE0177}.Release|Any CPU.Build.0 = Release|Any CPU
	EndGlobalSection
	GlobalSection(SolutionProperties) = preSolution
		HideSolutionNode = FALSE
	EndGlobalSection
	GlobalSection(ExtensibilityGlobals) = postSolution
		SolutionGuid = {6A92E727-AE32-4523-A490-6A161BFBFF81}
	EndGlobalSection
EndGlobal
